
Microsoft Visual Studio Solution File, Format Version 12.00
# Visual Studio Version 17
VisualStudioVersion = 17.4.33103.184
MinimumVisualStudioVersion = 10.0.40219.1
Project("{FAE04EC0-301F-11D3-BF4B-00C04F79EFBC}") = "ejercicio01", "ejercicio01\ejercicio01.csproj", "{11472D96-AAA8-42E3-A1B1-4544989683C4}"
EndProject
Project("{FAE04EC0-301F-11D3-BF4B-00C04F79EFBC}") = "ejercicio02", "ejercicio02\ejercicio02.csproj", "{CC2222EC-58FF-458B-A3E6-8F43B4FE2429}"
EndProject
Global
	GlobalSection(SolutionConfigurationPlatforms) = preSolution
		Debug|Any CPU = Debug|Any CPU
		Release|Any CPU = Release|Any CPU
	EndGlobalSection
	GlobalSection(ProjectConfigurationPlatforms) = postSolution
		{11472D96-AAA8-42E3-A1B1-4544989683C4}.Debug|Any CPU.ActiveCfg = Debug|Any CPU
		{11472D96-AAA8-42E3-A1B1-4544989683C4}.Debug|Any CPU.Build.0 = Debug|Any CPU
		{11472D96-AAA8-42E3-A1B1-4544989683C4}.Release|Any CPU.ActiveCfg = Release|Any CPU
		{11472D96-AAA8-42E3-A1B1-4544989683C4}.Release|Any CPU.Build.0 = Release|Any CPU
		{CC2222EC-58FF-458B-A3E6-8F43B4FE2429}.Debug|Any CPU.ActiveCfg = Debug|Any CPU
		{CC2222EC-58FF-458B-A3E6-8F43B4FE2429}.Debug|Any CPU.Build.0 = Debug|Any CPU
		{CC2222EC-58FF-458B-A3E6-8F43B4FE2429}.Release|Any CPU.ActiveCfg = Release|Any CPU
		{CC2222EC-58FF-458B-A3E6-8F43B4FE2429}.Release|Any CPU.Build.0 = Release|Any CPU
	EndGlobalSection
	GlobalSection(SolutionProperties) = preSolution
		HideSolutionNode = FALSE
	EndGlobalSection
	GlobalSection(ExtensibilityGlobals) = postSolution
		SolutionGuid = {A948680B-FB74-449B-8493-07BE8669EBA0}
	EndGlobalSection
EndGlobal
