
Microsoft Visual Studio Solution File, Format Version 12.00
# Visual Studio Version 17
VisualStudioVersion = 17.4.33103.184
MinimumVisualStudioVersion = 10.0.40219.1
Project("{9A19103F-16F7-4668-BE54-9A1E7A4F7556}") = "Programa01", "Programa01\Programa01.csproj", "{4A172ECB-54E2-4259-B83F-8BD76787F885}"
EndProject
Project("{9A19103F-16F7-4668-BE54-9A1E7A4F7556}") = "Programa02", "Programa02\Programa02.csproj", "{1FD1F667-4171-43BB-8194-3B8ED0AE9B4C}"
EndProject
Project("{9A19103F-16F7-4668-BE54-9A1E7A4F7556}") = "Programa03", "Programa03\Programa03.csproj", "{5EF2D001-BFCE-4CE5-A9F8-C5A7B7070771}"
EndProject
Project("{9A19103F-16F7-4668-BE54-9A1E7A4F7556}") = "Programa04", "Programa04\Programa04.csproj", "{BF911A4D-3D72-4A9D-8307-68BA53282A05}"
EndProject
Project("{9A19103F-16F7-4668-BE54-9A1E7A4F7556}") = "Programa05", "Programa05\Programa05.csproj", "{EFDD2D29-2A63-417B-B890-639C258E8A07}"
EndProject
Project("{9A19103F-16F7-4668-BE54-9A1E7A4F7556}") = "Programa06", "Programa06\Programa06.csproj", "{EA80233E-2242-44DA-A5D9-1D1CD8874664}"
EndProject
Project("{9A19103F-16F7-4668-BE54-9A1E7A4F7556}") = "Programa07", "Programa07\Programa07.csproj", "{4EF5DBE2-683A-489F-89DF-17252BDDD0C8}"
EndProject
Project("{9A19103F-16F7-4668-BE54-9A1E7A4F7556}") = "Programa08", "Programa08\Programa08.csproj", "{4759A3DA-2958-4CD4-8DC3-5F7310B9D0DD}"
EndProject
Project("{9A19103F-16F7-4668-BE54-9A1E7A4F7556}") = "Programa09", "Programa09\Programa09.csproj", "{C921E1E1-EE12-4CB0-AC41-0FB2E87ADA1B}"
EndProject
Project("{9A19103F-16F7-4668-BE54-9A1E7A4F7556}") = "Programa10", "Programa10\Programa10.csproj", "{266B6050-8066-4498-A013-320166B39325}"
EndProject
Project("{9A19103F-16F7-4668-BE54-9A1E7A4F7556}") = "Programa12", "Programa12\Programa12.csproj", "{185726F9-4B90-400B-BA2A-EB3C86622749}"
EndProject
Project("{9A19103F-16F7-4668-BE54-9A1E7A4F7556}") = "Programa11", "Programa11\Programa11.csproj", "{6A910C82-6B79-4CD4-B997-C31C3E0ACEC9}"
EndProject
Project("{FAE04EC0-301F-11D3-BF4B-00C04F79EFBC}") = "Programa13", "Programa13\Programa13.csproj", "{4BE01D9E-BDB0-430D-9264-9C72E90DDB03}"
EndProject
Project("{FAE04EC0-301F-11D3-BF4B-00C04F79EFBC}") = "Programa14", "Programa14\Programa14.csproj", "{BC789AC7-1B4C-4BCC-9565-0904FCD7AA5E}"
EndProject
Project("{FAE04EC0-301F-11D3-BF4B-00C04F79EFBC}") = "Programa15", "Programa15\Programa15.csproj", "{36F5C0C6-CA60-427F-8A8F-F0072AFAAE0B}"
EndProject
Project("{FAE04EC0-301F-11D3-BF4B-00C04F79EFBC}") = "Programa16", "Programa16\Programa16.csproj", "{594EE02C-D214-4136-8102-9597349884AC}"
EndProject
Project("{FAE04EC0-301F-11D3-BF4B-00C04F79EFBC}") = "Programa17", "Programa17\Programa17.csproj", "{29F6D8A5-E7D2-4278-B6B6-8374FD83278D}"
EndProject
Project("{FAE04EC0-301F-11D3-BF4B-00C04F79EFBC}") = "Programa18", "Programa18\Programa18.csproj", "{F78C54A9-FD50-4AB2-8B5D-425B6D6149BD}"
EndProject
Project("{FAE04EC0-301F-11D3-BF4B-00C04F79EFBC}") = "Programa19", "Programa19\Programa19.csproj", "{6B4A4A0A-1E0E-4988-95EA-BE87B738D1F6}"
EndProject
Project("{FAE04EC0-301F-11D3-BF4B-00C04F79EFBC}") = "Programa20", "Programa20\Programa20.csproj", "{22603D9D-C032-4761-BAA6-0F62568A6CAC}"
EndProject
Global
	GlobalSection(SolutionConfigurationPlatforms) = preSolution
		Debug|Any CPU = Debug|Any CPU
		Release|Any CPU = Release|Any CPU
	EndGlobalSection
	GlobalSection(ProjectConfigurationPlatforms) = postSolution
		{4A172ECB-54E2-4259-B83F-8BD76787F885}.Debug|Any CPU.ActiveCfg = Debug|Any CPU
		{4A172ECB-54E2-4259-B83F-8BD76787F885}.Debug|Any CPU.Build.0 = Debug|Any CPU
		{4A172ECB-54E2-4259-B83F-8BD76787F885}.Release|Any CPU.ActiveCfg = Release|Any CPU
		{4A172ECB-54E2-4259-B83F-8BD76787F885}.Release|Any CPU.Build.0 = Release|Any CPU
		{1FD1F667-4171-43BB-8194-3B8ED0AE9B4C}.Debug|Any CPU.ActiveCfg = Debug|Any CPU
		{1FD1F667-4171-43BB-8194-3B8ED0AE9B4C}.Debug|Any CPU.Build.0 = Debug|Any CPU
		{1FD1F667-4171-43BB-8194-3B8ED0AE9B4C}.Release|Any CPU.ActiveCfg = Release|Any CPU
		{1FD1F667-4171-43BB-8194-3B8ED0AE9B4C}.Release|Any CPU.Build.0 = Release|Any CPU
		{5EF2D001-BFCE-4CE5-A9F8-C5A7B7070771}.Debug|Any CPU.ActiveCfg = Debug|Any CPU
		{5EF2D001-BFCE-4CE5-A9F8-C5A7B7070771}.Debug|Any CPU.Build.0 = Debug|Any CPU
		{5EF2D001-BFCE-4CE5-A9F8-C5A7B7070771}.Release|Any CPU.ActiveCfg = Release|Any CPU
		{5EF2D001-BFCE-4CE5-A9F8-C5A7B7070771}.Release|Any CPU.Build.0 = Release|Any CPU
		{BF911A4D-3D72-4A9D-8307-68BA53282A05}.Debug|Any CPU.ActiveCfg = Debug|Any CPU
		{BF911A4D-3D72-4A9D-8307-68BA53282A05}.Debug|Any CPU.Build.0 = Debug|Any CPU
		{BF911A4D-3D72-4A9D-8307-68BA53282A05}.Release|Any CPU.ActiveCfg = Release|Any CPU
		{BF911A4D-3D72-4A9D-8307-68BA53282A05}.Release|Any CPU.Build.0 = Release|Any CPU
		{EFDD2D29-2A63-417B-B890-639C258E8A07}.Debug|Any CPU.ActiveCfg = Debug|Any CPU
		{EFDD2D29-2A63-417B-B890-639C258E8A07}.Debug|Any CPU.Build.0 = Debug|Any CPU
		{EFDD2D29-2A63-417B-B890-639C258E8A07}.Release|Any CPU.ActiveCfg = Release|Any CPU
		{EFDD2D29-2A63-417B-B890-639C258E8A07}.Release|Any CPU.Build.0 = Release|Any CPU
		{EA80233E-2242-44DA-A5D9-1D1CD8874664}.Debug|Any CPU.ActiveCfg = Debug|Any CPU
		{EA80233E-2242-44DA-A5D9-1D1CD8874664}.Debug|Any CPU.Build.0 = Debug|Any CPU
		{EA80233E-2242-44DA-A5D9-1D1CD8874664}.Release|Any CPU.ActiveCfg = Release|Any CPU
		{EA80233E-2242-44DA-A5D9-1D1CD8874664}.Release|Any CPU.Build.0 = Release|Any CPU
		{4EF5DBE2-683A-489F-89DF-17252BDDD0C8}.Debug|Any CPU.ActiveCfg = Debug|Any CPU
		{4EF5DBE2-683A-489F-89DF-17252BDDD0C8}.Debug|Any CPU.Build.0 = Debug|Any CPU
		{4EF5DBE2-683A-489F-89DF-17252BDDD0C8}.Release|Any CPU.ActiveCfg = Release|Any CPU
		{4EF5DBE2-683A-489F-89DF-17252BDDD0C8}.Release|Any CPU.Build.0 = Release|Any CPU
		{4759A3DA-2958-4CD4-8DC3-5F7310B9D0DD}.Debug|Any CPU.ActiveCfg = Debug|Any CPU
		{4759A3DA-2958-4CD4-8DC3-5F7310B9D0DD}.Debug|Any CPU.Build.0 = Debug|Any CPU
		{4759A3DA-2958-4CD4-8DC3-5F7310B9D0DD}.Release|Any CPU.ActiveCfg = Release|Any CPU
		{4759A3DA-2958-4CD4-8DC3-5F7310B9D0DD}.Release|Any CPU.Build.0 = Release|Any CPU
		{C921E1E1-EE12-4CB0-AC41-0FB2E87ADA1B}.Debug|Any CPU.ActiveCfg = Debug|Any CPU
		{C921E1E1-EE12-4CB0-AC41-0FB2E87ADA1B}.Debug|Any CPU.Build.0 = Debug|Any CPU
		{C921E1E1-EE12-4CB0-AC41-0FB2E87ADA1B}.Release|Any CPU.ActiveCfg = Release|Any CPU
		{C921E1E1-EE12-4CB0-AC41-0FB2E87ADA1B}.Release|Any CPU.Build.0 = Release|Any CPU
		{266B6050-8066-4498-A013-320166B39325}.Debug|Any CPU.ActiveCfg = Debug|Any CPU
		{266B6050-8066-4498-A013-320166B39325}.Debug|Any CPU.Build.0 = Debug|Any CPU
		{266B6050-8066-4498-A013-320166B39325}.Release|Any CPU.ActiveCfg = Release|Any CPU
		{266B6050-8066-4498-A013-320166B39325}.Release|Any CPU.Build.0 = Release|Any CPU
		{185726F9-4B90-400B-BA2A-EB3C86622749}.Debug|Any CPU.ActiveCfg = Debug|Any CPU
		{185726F9-4B90-400B-BA2A-EB3C86622749}.Debug|Any CPU.Build.0 = Debug|Any CPU
		{185726F9-4B90-400B-BA2A-EB3C86622749}.Release|Any CPU.ActiveCfg = Release|Any CPU
		{185726F9-4B90-400B-BA2A-EB3C86622749}.Release|Any CPU.Build.0 = Release|Any CPU
		{6A910C82-6B79-4CD4-B997-C31C3E0ACEC9}.Debug|Any CPU.ActiveCfg = Debug|Any CPU
		{6A910C82-6B79-4CD4-B997-C31C3E0ACEC9}.Debug|Any CPU.Build.0 = Debug|Any CPU
		{6A910C82-6B79-4CD4-B997-C31C3E0ACEC9}.Release|Any CPU.ActiveCfg = Release|Any CPU
		{6A910C82-6B79-4CD4-B997-C31C3E0ACEC9}.Release|Any CPU.Build.0 = Release|Any CPU
		{4BE01D9E-BDB0-430D-9264-9C72E90DDB03}.Debug|Any CPU.ActiveCfg = Debug|Any CPU
		{4BE01D9E-BDB0-430D-9264-9C72E90DDB03}.Debug|Any CPU.Build.0 = Debug|Any CPU
		{4BE01D9E-BDB0-430D-9264-9C72E90DDB03}.Release|Any CPU.ActiveCfg = Release|Any CPU
		{4BE01D9E-BDB0-430D-9264-9C72E90DDB03}.Release|Any CPU.Build.0 = Release|Any CPU
		{BC789AC7-1B4C-4BCC-9565-0904FCD7AA5E}.Debug|Any CPU.ActiveCfg = Debug|Any CPU
		{BC789AC7-1B4C-4BCC-9565-0904FCD7AA5E}.Debug|Any CPU.Build.0 = Debug|Any CPU
		{BC789AC7-1B4C-4BCC-9565-0904FCD7AA5E}.Release|Any CPU.ActiveCfg = Release|Any CPU
		{BC789AC7-1B4C-4BCC-9565-0904FCD7AA5E}.Release|Any CPU.Build.0 = Release|Any CPU
		{36F5C0C6-CA60-427F-8A8F-F0072AFAAE0B}.Debug|Any CPU.ActiveCfg = Debug|Any CPU
		{36F5C0C6-CA60-427F-8A8F-F0072AFAAE0B}.Debug|Any CPU.Build.0 = Debug|Any CPU
		{36F5C0C6-CA60-427F-8A8F-F0072AFAAE0B}.Release|Any CPU.ActiveCfg = Release|Any CPU
		{36F5C0C6-CA60-427F-8A8F-F0072AFAAE0B}.Release|Any CPU.Build.0 = Release|Any CPU
		{594EE02C-D214-4136-8102-9597349884AC}.Debug|Any CPU.ActiveCfg = Debug|Any CPU
		{594EE02C-D214-4136-8102-9597349884AC}.Debug|Any CPU.Build.0 = Debug|Any CPU
		{594EE02C-D214-4136-8102-9597349884AC}.Release|Any CPU.ActiveCfg = Release|Any CPU
		{594EE02C-D214-4136-8102-9597349884AC}.Release|Any CPU.Build.0 = Release|Any CPU
		{29F6D8A5-E7D2-4278-B6B6-8374FD83278D}.Debug|Any CPU.ActiveCfg = Debug|Any CPU
		{29F6D8A5-E7D2-4278-B6B6-8374FD83278D}.Debug|Any CPU.Build.0 = Debug|Any CPU
		{29F6D8A5-E7D2-4278-B6B6-8374FD83278D}.Release|Any CPU.ActiveCfg = Release|Any CPU
		{29F6D8A5-E7D2-4278-B6B6-8374FD83278D}.Release|Any CPU.Build.0 = Release|Any CPU
		{F78C54A9-FD50-4AB2-8B5D-425B6D6149BD}.Debug|Any CPU.ActiveCfg = Debug|Any CPU
		{F78C54A9-FD50-4AB2-8B5D-425B6D6149BD}.Debug|Any CPU.Build.0 = Debug|Any CPU
		{F78C54A9-FD50-4AB2-8B5D-425B6D6149BD}.Release|Any CPU.ActiveCfg = Release|Any CPU
		{F78C54A9-FD50-4AB2-8B5D-425B6D6149BD}.Release|Any CPU.Build.0 = Release|Any CPU
		{6B4A4A0A-1E0E-4988-95EA-BE87B738D1F6}.Debug|Any CPU.ActiveCfg = Debug|Any CPU
		{6B4A4A0A-1E0E-4988-95EA-BE87B738D1F6}.Debug|Any CPU.Build.0 = Debug|Any CPU
		{6B4A4A0A-1E0E-4988-95EA-BE87B738D1F6}.Release|Any CPU.ActiveCfg = Release|Any CPU
		{6B4A4A0A-1E0E-4988-95EA-BE87B738D1F6}.Release|Any CPU.Build.0 = Release|Any CPU
		{22603D9D-C032-4761-BAA6-0F62568A6CAC}.Debug|Any CPU.ActiveCfg = Debug|Any CPU
		{22603D9D-C032-4761-BAA6-0F62568A6CAC}.Debug|Any CPU.Build.0 = Debug|Any CPU
		{22603D9D-C032-4761-BAA6-0F62568A6CAC}.Release|Any CPU.ActiveCfg = Release|Any CPU
		{22603D9D-C032-4761-BAA6-0F62568A6CAC}.Release|Any CPU.Build.0 = Release|Any CPU
	EndGlobalSection
	GlobalSection(SolutionProperties) = preSolution
		HideSolutionNode = FALSE
	EndGlobalSection
	GlobalSection(ExtensibilityGlobals) = postSolution
		SolutionGuid = {B5526C10-FB8F-48F5-8A18-861E50E7BF7D}
	EndGlobalSection
EndGlobal
