
Microsoft Visual Studio Solution File, Format Version 12.00
# Visual Studio Version 17
VisualStudioVersion = 17.4.33103.184
MinimumVisualStudioVersion = 10.0.40219.1
Project("{FAE04EC0-301F-11D3-BF4B-00C04F79EFBC}") = "EjercicioAEntregar01", "EjerciciosAEntregarRafaelGomez\EjercicioAEntregar01.csproj", "{8B0849DB-045A-4824-864D-5523373434E0}"
EndProject
Project("{FAE04EC0-301F-11D3-BF4B-00C04F79EFBC}") = "EjercicioAEntregar02", "EjercicioAEntregar02\EjercicioAEntregar02.csproj", "{BAC5DC9A-780A-493D-8EA5-2B503B2C270A}"
EndProject
Global
	GlobalSection(SolutionConfigurationPlatforms) = preSolution
		Debug|Any CPU = Debug|Any CPU
		Release|Any CPU = Release|Any CPU
	EndGlobalSection
	GlobalSection(ProjectConfigurationPlatforms) = postSolution
		{8B0849DB-045A-4824-864D-5523373434E0}.Debug|Any CPU.ActiveCfg = Debug|Any CPU
		{8B0849DB-045A-4824-864D-5523373434E0}.Debug|Any CPU.Build.0 = Debug|Any CPU
		{8B0849DB-045A-4824-864D-5523373434E0}.Release|Any CPU.ActiveCfg = Release|Any CPU
		{8B0849DB-045A-4824-864D-5523373434E0}.Release|Any CPU.Build.0 = Release|Any CPU
		{BAC5DC9A-780A-493D-8EA5-2B503B2C270A}.Debug|Any CPU.ActiveCfg = Debug|Any CPU
		{BAC5DC9A-780A-493D-8EA5-2B503B2C270A}.Debug|Any CPU.Build.0 = Debug|Any CPU
		{BAC5DC9A-780A-493D-8EA5-2B503B2C270A}.Release|Any CPU.ActiveCfg = Release|Any CPU
		{BAC5DC9A-780A-493D-8EA5-2B503B2C270A}.Release|Any CPU.Build.0 = Release|Any CPU
	EndGlobalSection
	GlobalSection(SolutionProperties) = preSolution
		HideSolutionNode = FALSE
	EndGlobalSection
	GlobalSection(ExtensibilityGlobals) = postSolution
		SolutionGuid = {1D93B42C-DD16-478A-A183-9EBBEFA03A0A}
	EndGlobalSection
EndGlobal
