
Microsoft Visual Studio Solution File, Format Version 12.00
# Visual Studio Version 17
VisualStudioVersion = 17.3.32929.385
MinimumVisualStudioVersion = 10.0.40219.1
Project("{9A19103F-16F7-4668-BE54-9A1E7A4F7556}") = "UnionDeCadena", "UnionDeCadena\UnionDeCadena.csproj", "{6161F4EE-7E8A-47D1-BF50-9D03E8D758E5}"
EndProject
Project("{9A19103F-16F7-4668-BE54-9A1E7A4F7556}") = "IntercambiarValores", "IntercambiarValores\IntercambiarValores.csproj", "{289AB695-BB85-4BA3-B749-D88C7088985E}"
EndProject
Project("{FAE04EC0-301F-11D3-BF4B-00C04F79EFBC}") = "SumaDeDosNumeros", "SumaDeDosNumeros\SumaDeDosNumeros.csproj", "{7C07EEEA-A5BD-4DA4-A7C8-18EE66BD03D3}"
EndProject
Project("{FAE04EC0-301F-11D3-BF4B-00C04F79EFBC}") = "MultiplicacionDeDosNumeros", "MultiplicacionDeDosNumeros\MultiplicacionDeDosNumeros.csproj", "{92586694-AAB1-4486-B8C7-8D391F22CF23}"
EndProject
Global
	GlobalSection(SolutionConfigurationPlatforms) = preSolution
		Debug|Any CPU = Debug|Any CPU
		Release|Any CPU = Release|Any CPU
	EndGlobalSection
	GlobalSection(ProjectConfigurationPlatforms) = postSolution
		{6161F4EE-7E8A-47D1-BF50-9D03E8D758E5}.Debug|Any CPU.ActiveCfg = Debug|Any CPU
		{6161F4EE-7E8A-47D1-BF50-9D03E8D758E5}.Debug|Any CPU.Build.0 = Debug|Any CPU
		{6161F4EE-7E8A-47D1-BF50-9D03E8D758E5}.Release|Any CPU.ActiveCfg = Release|Any CPU
		{6161F4EE-7E8A-47D1-BF50-9D03E8D758E5}.Release|Any CPU.Build.0 = Release|Any CPU
		{289AB695-BB85-4BA3-B749-D88C7088985E}.Debug|Any CPU.ActiveCfg = Debug|Any CPU
		{289AB695-BB85-4BA3-B749-D88C7088985E}.Debug|Any CPU.Build.0 = Debug|Any CPU
		{289AB695-BB85-4BA3-B749-D88C7088985E}.Release|Any CPU.ActiveCfg = Release|Any CPU
		{289AB695-BB85-4BA3-B749-D88C7088985E}.Release|Any CPU.Build.0 = Release|Any CPU
		{7C07EEEA-A5BD-4DA4-A7C8-18EE66BD03D3}.Debug|Any CPU.ActiveCfg = Debug|Any CPU
		{7C07EEEA-A5BD-4DA4-A7C8-18EE66BD03D3}.Debug|Any CPU.Build.0 = Debug|Any CPU
		{7C07EEEA-A5BD-4DA4-A7C8-18EE66BD03D3}.Release|Any CPU.ActiveCfg = Release|Any CPU
		{7C07EEEA-A5BD-4DA4-A7C8-18EE66BD03D3}.Release|Any CPU.Build.0 = Release|Any CPU
		{92586694-AAB1-4486-B8C7-8D391F22CF23}.Debug|Any CPU.ActiveCfg = Debug|Any CPU
		{92586694-AAB1-4486-B8C7-8D391F22CF23}.Debug|Any CPU.Build.0 = Debug|Any CPU
		{92586694-AAB1-4486-B8C7-8D391F22CF23}.Release|Any CPU.ActiveCfg = Release|Any CPU
		{92586694-AAB1-4486-B8C7-8D391F22CF23}.Release|Any CPU.Build.0 = Release|Any CPU
	EndGlobalSection
	GlobalSection(SolutionProperties) = preSolution
		HideSolutionNode = FALSE
	EndGlobalSection
	GlobalSection(ExtensibilityGlobals) = postSolution
		SolutionGuid = {D6EBB173-B1AD-498A-A70E-2C36BD9DA2DC}
	EndGlobalSection
EndGlobal
